// !$*UTF8*$!
{
	archiveVersion = 1;
	classes = {
	};
	objectVersion = 46;
	objects = {

/* Begin PBXBuildFile section */
		6697E09819A4A22F0081F165 /* CoreLocation.framework in Frameworks */ = {isa = PBXBuildFile; fileRef = 6697E09719A4A22F0081F165 /* CoreLocation.framework */; };
		669F6BAD199D1D1100B88AAE /* Foundation.framework in Frameworks */ = {isa = PBXBuildFile; fileRef = 669F6BAC199D1D1100B88AAE /* Foundation.framework */; };
		669F6BAF199D1D1100B88AAE /* CoreGraphics.framework in Frameworks */ = {isa = PBXBuildFile; fileRef = 669F6BAE199D1D1100B88AAE /* CoreGraphics.framework */; };
		669F6BB1199D1D1100B88AAE /* UIKit.framework in Frameworks */ = {isa = PBXBuildFile; fileRef = 669F6BB0199D1D1100B88AAE /* UIKit.framework */; };
		669F6BB7199D1D1100B88AAE /* InfoPlist.strings in Resources */ = {isa = PBXBuildFile; fileRef = 669F6BB5199D1D1100B88AAE /* InfoPlist.strings */; };
		669F6BB9199D1D1100B88AAE /* main.m in Sources */ = {isa = PBXBuildFile; fileRef = 669F6BB8199D1D1100B88AAE /* main.m */; };
		669F6BBD199D1D1100B88AAE /* IQAppDelegate.m in Sources */ = {isa = PBXBuildFile; fileRef = 669F6BBC199D1D1100B88AAE /* IQAppDelegate.m */; };
		669F6BC0199D1D1100B88AAE /* Main.storyboard in Resources */ = {isa = PBXBuildFile; fileRef = 669F6BBE199D1D1100B88AAE /* Main.storyboard */; };
		669F6BC3199D1D1100B88AAE /* IQViewController.m in Sources */ = {isa = PBXBuildFile; fileRef = 669F6BC2199D1D1100B88AAE /* IQViewController.m */; };
		669F6BC5199D1D1100B88AAE /* Images.xcassets in Resources */ = {isa = PBXBuildFile; fileRef = 669F6BC4199D1D1100B88AAE /* Images.xcassets */; };
		669F6BCC199D1D1100B88AAE /* XCTest.framework in Frameworks */ = {isa = PBXBuildFile; fileRef = 669F6BCB199D1D1100B88AAE /* XCTest.framework */; };
		669F6BCD199D1D1100B88AAE /* Foundation.framework in Frameworks */ = {isa = PBXBuildFile; fileRef = 669F6BAC199D1D1100B88AAE /* Foundation.framework */; };
		669F6BCE199D1D1100B88AAE /* UIKit.framework in Frameworks */ = {isa = PBXBuildFile; fileRef = 669F6BB0199D1D1100B88AAE /* UIKit.framework */; };
		669F6BD6199D1D1100B88AAE /* InfoPlist.strings in Resources */ = {isa = PBXBuildFile; fileRef = 669F6BD4199D1D1100B88AAE /* InfoPlist.strings */; };
		669F6BD8199D1D1100B88AAE /* IQLocationManagerDemoTests.m in Sources */ = {isa = PBXBuildFile; fileRef = 669F6BD7199D1D1100B88AAE /* IQLocationManagerDemoTests.m */; };
		669F6BE3199D1E6700B88AAE /* IQLocationManager.m in Sources */ = {isa = PBXBuildFile; fileRef = 669F6BE2199D1E6700B88AAE /* IQLocationManager.m */; };
		66AB9C8D19B4825F002826AD /* IQLocationManager.strings in Resources */ = {isa = PBXBuildFile; fileRef = 66AB9C8C19B4825F002826AD /* IQLocationManager.strings */; };
		C41361711CBFEE3800836E58 /* IQMotionActivityManager.m in Sources */ = {isa = PBXBuildFile; fileRef = C41361701CBFEE3800836E58 /* IQMotionActivityManager.m */; };
		C41361741CBFF6D500836E58 /* CoreMotion.framework in Frameworks */ = {isa = PBXBuildFile; fileRef = C41361731CBFF6D500836E58 /* CoreMotion.framework */; };
		C4260B861CCA609200BE509A /* IQLocationDataSource.m in Sources */ = {isa = PBXBuildFile; fileRef = C4260B851CCA609200BE509A /* IQLocationDataSource.m */; };
		C4260B871CCA609200BE509A /* IQLocationDataSource.m in Sources */ = {isa = PBXBuildFile; fileRef = C4260B851CCA609200BE509A /* IQLocationDataSource.m */; };
		C4260B8D1CCA618300BE509A /* CoreData.framework in Frameworks */ = {isa = PBXBuildFile; fileRef = C4260B8C1CCA618300BE509A /* CoreData.framework */; };
		C4260B901CCA625D00BE509A /* IQLocationModel.xcdatamodeld in Sources */ = {isa = PBXBuildFile; fileRef = C4260B8E1CCA625D00BE509A /* IQLocationModel.xcdatamodeld */; };
		C4260B911CCA625D00BE509A /* IQLocationModel.xcdatamodeld in Sources */ = {isa = PBXBuildFile; fileRef = C4260B8E1CCA625D00BE509A /* IQLocationModel.xcdatamodeld */; };
		C4260B981CCA64FE00BE509A /* IQTrack+CoreDataProperties.m in Sources */ = {isa = PBXBuildFile; fileRef = C4260B931CCA64FE00BE509A /* IQTrack+CoreDataProperties.m */; };
		C4260B991CCA64FE00BE509A /* IQTrack+CoreDataProperties.m in Sources */ = {isa = PBXBuildFile; fileRef = C4260B931CCA64FE00BE509A /* IQTrack+CoreDataProperties.m */; };
		C4260B9A1CCA64FE00BE509A /* IQTrack.m in Sources */ = {isa = PBXBuildFile; fileRef = C4260B951CCA64FE00BE509A /* IQTrack.m */; };
		C4260B9B1CCA64FE00BE509A /* IQTrack.m in Sources */ = {isa = PBXBuildFile; fileRef = C4260B951CCA64FE00BE509A /* IQTrack.m */; };
		C4260BAA1CCA655700BE509A /* IQTrackPoint+CoreDataProperties.m in Sources */ = {isa = PBXBuildFile; fileRef = C4260BA71CCA655700BE509A /* IQTrackPoint+CoreDataProperties.m */; };
		C4260BAB1CCA655700BE509A /* IQTrackPoint+CoreDataProperties.m in Sources */ = {isa = PBXBuildFile; fileRef = C4260BA71CCA655700BE509A /* IQTrackPoint+CoreDataProperties.m */; };
		C4260BAC1CCA655700BE509A /* IQTrackPoint.m in Sources */ = {isa = PBXBuildFile; fileRef = C4260BA91CCA655700BE509A /* IQTrackPoint.m */; };
		C4260BAD1CCA655700BE509A /* IQTrackPoint.m in Sources */ = {isa = PBXBuildFile; fileRef = C4260BA91CCA655700BE509A /* IQTrackPoint.m */; };
		C4260BB61CCA7B6600BE509A /* IQTrackListVC.m in Sources */ = {isa = PBXBuildFile; fileRef = C4260BB51CCA7B6600BE509A /* IQTrackListVC.m */; };
		C4260BB91CCA830400BE509A /* IQTrackMapVC.m in Sources */ = {isa = PBXBuildFile; fileRef = C4260BB81CCA830400BE509A /* IQTrackMapVC.m */; };
		C42C00EE1CC7927D003A162B /* IQPermanentMapVC.m in Sources */ = {isa = PBXBuildFile; fileRef = C42C00ED1CC7927D003A162B /* IQPermanentMapVC.m */; };
		C42C00F11CC7929F003A162B /* IQSignificantMapVC.m in Sources */ = {isa = PBXBuildFile; fileRef = C42C00F01CC7929F003A162B /* IQSignificantMapVC.m */; };
		C42C00F31CC796DC003A162B /* MapKit.framework in Frameworks */ = {isa = PBXBuildFile; fileRef = C42C00F21CC796DC003A162B /* MapKit.framework */; };
		C46B87BF1CC8D1FE00D43262 /* IQTrackerContainerVC.m in Sources */ = {isa = PBXBuildFile; fileRef = C46B87BE1CC8D1FE00D43262 /* IQTrackerContainerVC.m */; };
		C46B87C21CC8D21B00D43262 /* IQTrackerVC.m in Sources */ = {isa = PBXBuildFile; fileRef = C46B87C11CC8D21B00D43262 /* IQTrackerVC.m */; };
		C46B87C51CC8D23500D43262 /* IQTrackerMapVC.m in Sources */ = {isa = PBXBuildFile; fileRef = C46B87C41CC8D23500D43262 /* IQTrackerMapVC.m */; };
		C497A5501CC505CC00CB08B9 /* IQSignificantLocationVC.m in Sources */ = {isa = PBXBuildFile; fileRef = C497A54F1CC505CC00CB08B9 /* IQSignificantLocationVC.m */; };
		C497A5531CC515D500CB08B9 /* CMMotionActivity+IQ.m in Sources */ = {isa = PBXBuildFile; fileRef = C497A5521CC515D500CB08B9 /* CMMotionActivity+IQ.m */; };
		C497A5541CC515D500CB08B9 /* CMMotionActivity+IQ.m in Sources */ = {isa = PBXBuildFile; fileRef = C497A5521CC515D500CB08B9 /* CMMotionActivity+IQ.m */; };
		C497A5571CC52D0D00CB08B9 /* IQSignificantLocationChanges.m in Sources */ = {isa = PBXBuildFile; fileRef = C497A5561CC52D0D00CB08B9 /* IQSignificantLocationChanges.m */; };
		C497A5581CC52D0D00CB08B9 /* IQSignificantLocationChanges.m in Sources */ = {isa = PBXBuildFile; fileRef = C497A5561CC52D0D00CB08B9 /* IQSignificantLocationChanges.m */; };
		C497A55B1CC52D6E00CB08B9 /* IQLocationPermissions.m in Sources */ = {isa = PBXBuildFile; fileRef = C497A55A1CC52D6E00CB08B9 /* IQLocationPermissions.m */; };
		C497A55C1CC52D6E00CB08B9 /* IQLocationPermissions.m in Sources */ = {isa = PBXBuildFile; fileRef = C497A55A1CC52D6E00CB08B9 /* IQLocationPermissions.m */; };
		C4FB0D7A1CC787A6002174AD /* IQMapVC.m in Sources */ = {isa = PBXBuildFile; fileRef = C4FB0D791CC787A6002174AD /* IQMapVC.m */; };
		C4FB0D7D1CC788E7002174AD /* IQPermanentContainerVC.m in Sources */ = {isa = PBXBuildFile; fileRef = C4FB0D7C1CC788E7002174AD /* IQPermanentContainerVC.m */; };
		C4FB0D801CC788FD002174AD /* IQSignificantContainerVC.m in Sources */ = {isa = PBXBuildFile; fileRef = C4FB0D7F1CC788FD002174AD /* IQSignificantContainerVC.m */; };
		C4FFF0C71CC6370C004E2A8A /* IQPermanentLocation.m in Sources */ = {isa = PBXBuildFile; fileRef = C4FFF0C61CC6370C004E2A8A /* IQPermanentLocation.m */; };
		C4FFF0C81CC63714004E2A8A /* IQPermanentLocation.m in Sources */ = {isa = PBXBuildFile; fileRef = C4FFF0C61CC6370C004E2A8A /* IQPermanentLocation.m */; };
		C4FFF0CE1CC6410C004E2A8A /* IQPermanentLocationVC.m in Sources */ = {isa = PBXBuildFile; fileRef = C4FFF0CD1CC6410C004E2A8A /* IQPermanentLocationVC.m */; };
		C4FFF0D11CC66C6F004E2A8A /* IQTracker.m in Sources */ = {isa = PBXBuildFile; fileRef = C4FFF0D01CC66C6F004E2A8A /* IQTracker.m */; };
		C4FFF0D21CC66C6F004E2A8A /* IQTracker.m in Sources */ = {isa = PBXBuildFile; fileRef = C4FFF0D01CC66C6F004E2A8A /* IQTracker.m */; };
/* End PBXBuildFile section */

/* Begin PBXContainerItemProxy section */
		669F6BCF199D1D1100B88AAE /* PBXContainerItemProxy */ = {
			isa = PBXContainerItemProxy;
			containerPortal = 669F6BA1199D1D1100B88AAE /* Project object */;
			proxyType = 1;
			remoteGlobalIDString = 669F6BA8199D1D1100B88AAE;
			remoteInfo = IQLocationManagerDemo;
		};
/* End PBXContainerItemProxy section */

/* Begin PBXFileReference section */
		66506C6E19B2A8DD00B9E702 /* README.md */ = {isa = PBXFileReference; lastKnownFileType = text; name = README.md; path = ../README.md; sourceTree = "<group>"; };
		6697E09719A4A22F0081F165 /* CoreLocation.framework */ = {isa = PBXFileReference; lastKnownFileType = wrapper.framework; name = CoreLocation.framework; path = System/Library/Frameworks/CoreLocation.framework; sourceTree = SDKROOT; };
		669F6BA9199D1D1100B88AAE /* IQLocationManagerDemo.app */ = {isa = PBXFileReference; explicitFileType = wrapper.application; includeInIndex = 0; path = IQLocationManagerDemo.app; sourceTree = BUILT_PRODUCTS_DIR; };
		669F6BAC199D1D1100B88AAE /* Foundation.framework */ = {isa = PBXFileReference; lastKnownFileType = wrapper.framework; name = Foundation.framework; path = System/Library/Frameworks/Foundation.framework; sourceTree = SDKROOT; };
		669F6BAE199D1D1100B88AAE /* CoreGraphics.framework */ = {isa = PBXFileReference; lastKnownFileType = wrapper.framework; name = CoreGraphics.framework; path = System/Library/Frameworks/CoreGraphics.framework; sourceTree = SDKROOT; };
		669F6BB0199D1D1100B88AAE /* UIKit.framework */ = {isa = PBXFileReference; lastKnownFileType = wrapper.framework; name = UIKit.framework; path = System/Library/Frameworks/UIKit.framework; sourceTree = SDKROOT; };
		669F6BB4199D1D1100B88AAE /* IQLocationManagerDemo-Info.plist */ = {isa = PBXFileReference; lastKnownFileType = text.plist.xml; path = "IQLocationManagerDemo-Info.plist"; sourceTree = "<group>"; };
		669F6BB6199D1D1100B88AAE /* en */ = {isa = PBXFileReference; lastKnownFileType = text.plist.strings; name = en; path = en.lproj/InfoPlist.strings; sourceTree = "<group>"; };
		669F6BB8199D1D1100B88AAE /* main.m */ = {isa = PBXFileReference; lastKnownFileType = sourcecode.c.objc; path = main.m; sourceTree = "<group>"; };
		669F6BBA199D1D1100B88AAE /* IQLocationManagerDemo-Prefix.pch */ = {isa = PBXFileReference; lastKnownFileType = sourcecode.c.h; path = "IQLocationManagerDemo-Prefix.pch"; sourceTree = "<group>"; };
		669F6BBB199D1D1100B88AAE /* IQAppDelegate.h */ = {isa = PBXFileReference; lastKnownFileType = sourcecode.c.h; path = IQAppDelegate.h; sourceTree = "<group>"; };
		669F6BBC199D1D1100B88AAE /* IQAppDelegate.m */ = {isa = PBXFileReference; lastKnownFileType = sourcecode.c.objc; path = IQAppDelegate.m; sourceTree = "<group>"; };
		669F6BBF199D1D1100B88AAE /* Base */ = {isa = PBXFileReference; lastKnownFileType = file.storyboard; name = Base; path = Base.lproj/Main.storyboard; sourceTree = "<group>"; };
		669F6BC1199D1D1100B88AAE /* IQViewController.h */ = {isa = PBXFileReference; lastKnownFileType = sourcecode.c.h; path = IQViewController.h; sourceTree = "<group>"; };
		669F6BC2199D1D1100B88AAE /* IQViewController.m */ = {isa = PBXFileReference; lastKnownFileType = sourcecode.c.objc; path = IQViewController.m; sourceTree = "<group>"; };
		669F6BC4199D1D1100B88AAE /* Images.xcassets */ = {isa = PBXFileReference; lastKnownFileType = folder.assetcatalog; path = Images.xcassets; sourceTree = "<group>"; };
		669F6BCA199D1D1100B88AAE /* IQLocationManagerDemoTests.xctest */ = {isa = PBXFileReference; explicitFileType = wrapper.cfbundle; includeInIndex = 0; path = IQLocationManagerDemoTests.xctest; sourceTree = BUILT_PRODUCTS_DIR; };
		669F6BCB199D1D1100B88AAE /* XCTest.framework */ = {isa = PBXFileReference; lastKnownFileType = wrapper.framework; name = XCTest.framework; path = Library/Frameworks/XCTest.framework; sourceTree = DEVELOPER_DIR; };
		669F6BD3199D1D1100B88AAE /* IQLocationManagerDemoTests-Info.plist */ = {isa = PBXFileReference; lastKnownFileType = text.plist.xml; path = "IQLocationManagerDemoTests-Info.plist"; sourceTree = "<group>"; };
		669F6BD5199D1D1100B88AAE /* en */ = {isa = PBXFileReference; lastKnownFileType = text.plist.strings; name = en; path = en.lproj/InfoPlist.strings; sourceTree = "<group>"; };
		669F6BD7199D1D1100B88AAE /* IQLocationManagerDemoTests.m */ = {isa = PBXFileReference; lastKnownFileType = sourcecode.c.objc; path = IQLocationManagerDemoTests.m; sourceTree = "<group>"; };
		669F6BE1199D1E6700B88AAE /* IQLocationManager.h */ = {isa = PBXFileReference; fileEncoding = 4; lastKnownFileType = sourcecode.c.h; name = IQLocationManager.h; path = ../IQLocationManager/IQLocationManager.h; sourceTree = "<group>"; };
		669F6BE2199D1E6700B88AAE /* IQLocationManager.m */ = {isa = PBXFileReference; fileEncoding = 4; lastKnownFileType = sourcecode.c.objc; name = IQLocationManager.m; path = ../IQLocationManager/IQLocationManager.m; sourceTree = "<group>"; };
		66AB9C8C19B4825F002826AD /* IQLocationManager.strings */ = {isa = PBXFileReference; fileEncoding = 4; lastKnownFileType = text.plist.strings; name = IQLocationManager.strings; path = ../IQLocationManager/IQLocationManager.strings; sourceTree = "<group>"; };
		C413616F1CBFEE3800836E58 /* IQMotionActivityManager.h */ = {isa = PBXFileReference; fileEncoding = 4; lastKnownFileType = sourcecode.c.h; name = IQMotionActivityManager.h; path = ../IQLocationManager/IQMotionActivityManager.h; sourceTree = "<group>"; };
		C41361701CBFEE3800836E58 /* IQMotionActivityManager.m */ = {isa = PBXFileReference; fileEncoding = 4; lastKnownFileType = sourcecode.c.objc; name = IQMotionActivityManager.m; path = ../IQLocationManager/IQMotionActivityManager.m; sourceTree = "<group>"; };
		C41361731CBFF6D500836E58 /* CoreMotion.framework */ = {isa = PBXFileReference; lastKnownFileType = wrapper.framework; name = CoreMotion.framework; path = System/Library/Frameworks/CoreMotion.framework; sourceTree = SDKROOT; };
		C4260B841CCA609200BE509A /* IQLocationDataSource.h */ = {isa = PBXFileReference; fileEncoding = 4; lastKnownFileType = sourcecode.c.h; name = IQLocationDataSource.h; path = ../IQLocationManager/Model/IQLocationDataSource.h; sourceTree = "<group>"; };
		C4260B851CCA609200BE509A /* IQLocationDataSource.m */ = {isa = PBXFileReference; fileEncoding = 4; lastKnownFileType = sourcecode.c.objc; name = IQLocationDataSource.m; path = ../IQLocationManager/Model/IQLocationDataSource.m; sourceTree = "<group>"; };
		C4260B8C1CCA618300BE509A /* CoreData.framework */ = {isa = PBXFileReference; lastKnownFileType = wrapper.framework; name = CoreData.framework; path = System/Library/Frameworks/CoreData.framework; sourceTree = SDKROOT; };
		C4260B8F1CCA625D00BE509A /* IQLocationModel.xcdatamodel */ = {isa = PBXFileReference; lastKnownFileType = wrapper.xcdatamodel; path = IQLocationModel.xcdatamodel; sourceTree = "<group>"; };
		C4260B921CCA64FE00BE509A /* IQTrack+CoreDataProperties.h */ = {isa = PBXFileReference; fileEncoding = 4; lastKnownFileType = sourcecode.c.h; name = "IQTrack+CoreDataProperties.h"; path = "../IQLocationManager/Model/IQTrack+CoreDataProperties.h"; sourceTree = "<group>"; };
		C4260B931CCA64FE00BE509A /* IQTrack+CoreDataProperties.m */ = {isa = PBXFileReference; fileEncoding = 4; lastKnownFileType = sourcecode.c.objc; name = "IQTrack+CoreDataProperties.m"; path = "../IQLocationManager/Model/IQTrack+CoreDataProperties.m"; sourceTree = "<group>"; };
		C4260B941CCA64FE00BE509A /* IQTrack.h */ = {isa = PBXFileReference; fileEncoding = 4; lastKnownFileType = sourcecode.c.h; name = IQTrack.h; path = ../IQLocationManager/Model/IQTrack.h; sourceTree = "<group>"; };
		C4260B951CCA64FE00BE509A /* IQTrack.m */ = {isa = PBXFileReference; fileEncoding = 4; lastKnownFileType = sourcecode.c.objc; name = IQTrack.m; path = ../IQLocationManager/Model/IQTrack.m; sourceTree = "<group>"; };
		C4260BA61CCA655700BE509A /* IQTrackPoint+CoreDataProperties.h */ = {isa = PBXFileReference; fileEncoding = 4; lastKnownFileType = sourcecode.c.h; name = "IQTrackPoint+CoreDataProperties.h"; path = "../IQLocationManager/Model/IQTrackPoint+CoreDataProperties.h"; sourceTree = "<group>"; };
		C4260BA71CCA655700BE509A /* IQTrackPoint+CoreDataProperties.m */ = {isa = PBXFileReference; fileEncoding = 4; lastKnownFileType = sourcecode.c.objc; name = "IQTrackPoint+CoreDataProperties.m"; path = "../IQLocationManager/Model/IQTrackPoint+CoreDataProperties.m"; sourceTree = "<group>"; };
		C4260BA81CCA655700BE509A /* IQTrackPoint.h */ = {isa = PBXFileReference; fileEncoding = 4; lastKnownFileType = sourcecode.c.h; name = IQTrackPoint.h; path = ../IQLocationManager/Model/IQTrackPoint.h; sourceTree = "<group>"; };
		C4260BA91CCA655700BE509A /* IQTrackPoint.m */ = {isa = PBXFileReference; fileEncoding = 4; lastKnownFileType = sourcecode.c.objc; name = IQTrackPoint.m; path = ../IQLocationManager/Model/IQTrackPoint.m; sourceTree = "<group>"; };
		C4260BB41CCA7B6600BE509A /* IQTrackListVC.h */ = {isa = PBXFileReference; fileEncoding = 4; lastKnownFileType = sourcecode.c.h; path = IQTrackListVC.h; sourceTree = "<group>"; };
		C4260BB51CCA7B6600BE509A /* IQTrackListVC.m */ = {isa = PBXFileReference; fileEncoding = 4; lastKnownFileType = sourcecode.c.objc; path = IQTrackListVC.m; sourceTree = "<group>"; };
		C4260BB71CCA830400BE509A /* IQTrackMapVC.h */ = {isa = PBXFileReference; fileEncoding = 4; lastKnownFileType = sourcecode.c.h; path = IQTrackMapVC.h; sourceTree = "<group>"; };
		C4260BB81CCA830400BE509A /* IQTrackMapVC.m */ = {isa = PBXFileReference; fileEncoding = 4; lastKnownFileType = sourcecode.c.objc; path = IQTrackMapVC.m; sourceTree = "<group>"; };
		C42C00EC1CC7927D003A162B /* IQPermanentMapVC.h */ = {isa = PBXFileReference; fileEncoding = 4; lastKnownFileType = sourcecode.c.h; path = IQPermanentMapVC.h; sourceTree = "<group>"; };
		C42C00ED1CC7927D003A162B /* IQPermanentMapVC.m */ = {isa = PBXFileReference; fileEncoding = 4; lastKnownFileType = sourcecode.c.objc; path = IQPermanentMapVC.m; sourceTree = "<group>"; };
		C42C00EF1CC7929F003A162B /* IQSignificantMapVC.h */ = {isa = PBXFileReference; fileEncoding = 4; lastKnownFileType = sourcecode.c.h; path = IQSignificantMapVC.h; sourceTree = "<group>"; };
		C42C00F01CC7929F003A162B /* IQSignificantMapVC.m */ = {isa = PBXFileReference; fileEncoding = 4; lastKnownFileType = sourcecode.c.objc; path = IQSignificantMapVC.m; sourceTree = "<group>"; };
		C42C00F21CC796DC003A162B /* MapKit.framework */ = {isa = PBXFileReference; lastKnownFileType = wrapper.framework; name = MapKit.framework; path = System/Library/Frameworks/MapKit.framework; sourceTree = SDKROOT; };
		C46B87BD1CC8D1FE00D43262 /* IQTrackerContainerVC.h */ = {isa = PBXFileReference; fileEncoding = 4; lastKnownFileType = sourcecode.c.h; path = IQTrackerContainerVC.h; sourceTree = "<group>"; };
		C46B87BE1CC8D1FE00D43262 /* IQTrackerContainerVC.m */ = {isa = PBXFileReference; fileEncoding = 4; lastKnownFileType = sourcecode.c.objc; path = IQTrackerContainerVC.m; sourceTree = "<group>"; };
		C46B87C01CC8D21B00D43262 /* IQTrackerVC.h */ = {isa = PBXFileReference; fileEncoding = 4; lastKnownFileType = sourcecode.c.h; path = IQTrackerVC.h; sourceTree = "<group>"; };
		C46B87C11CC8D21B00D43262 /* IQTrackerVC.m */ = {isa = PBXFileReference; fileEncoding = 4; lastKnownFileType = sourcecode.c.objc; path = IQTrackerVC.m; sourceTree = "<group>"; };
		C46B87C31CC8D23500D43262 /* IQTrackerMapVC.h */ = {isa = PBXFileReference; fileEncoding = 4; lastKnownFileType = sourcecode.c.h; path = IQTrackerMapVC.h; sourceTree = "<group>"; };
		C46B87C41CC8D23500D43262 /* IQTrackerMapVC.m */ = {isa = PBXFileReference; fileEncoding = 4; lastKnownFileType = sourcecode.c.objc; path = IQTrackerMapVC.m; sourceTree = "<group>"; };
		C497A54E1CC505CC00CB08B9 /* IQSignificantLocationVC.h */ = {isa = PBXFileReference; fileEncoding = 4; lastKnownFileType = sourcecode.c.h; path = IQSignificantLocationVC.h; sourceTree = "<group>"; };
		C497A54F1CC505CC00CB08B9 /* IQSignificantLocationVC.m */ = {isa = PBXFileReference; fileEncoding = 4; lastKnownFileType = sourcecode.c.objc; path = IQSignificantLocationVC.m; sourceTree = "<group>"; };
		C497A5511CC515D500CB08B9 /* CMMotionActivity+IQ.h */ = {isa = PBXFileReference; fileEncoding = 4; lastKnownFileType = sourcecode.c.h; name = "CMMotionActivity+IQ.h"; path = "../IQLocationManager/CMMotionActivity+IQ.h"; sourceTree = "<group>"; };
		C497A5521CC515D500CB08B9 /* CMMotionActivity+IQ.m */ = {isa = PBXFileReference; fileEncoding = 4; lastKnownFileType = sourcecode.c.objc; name = "CMMotionActivity+IQ.m"; path = "../IQLocationManager/CMMotionActivity+IQ.m"; sourceTree = "<group>"; };
		C497A5551CC52D0D00CB08B9 /* IQSignificantLocationChanges.h */ = {isa = PBXFileReference; fileEncoding = 4; lastKnownFileType = sourcecode.c.h; name = IQSignificantLocationChanges.h; path = ../IQLocationManager/IQSignificantLocationChanges.h; sourceTree = "<group>"; };
		C497A5561CC52D0D00CB08B9 /* IQSignificantLocationChanges.m */ = {isa = PBXFileReference; fileEncoding = 4; lastKnownFileType = sourcecode.c.objc; name = IQSignificantLocationChanges.m; path = ../IQLocationManager/IQSignificantLocationChanges.m; sourceTree = "<group>"; };
		C497A5591CC52D6E00CB08B9 /* IQLocationPermissions.h */ = {isa = PBXFileReference; fileEncoding = 4; lastKnownFileType = sourcecode.c.h; name = IQLocationPermissions.h; path = ../IQLocationManager/IQLocationPermissions.h; sourceTree = "<group>"; };
		C497A55A1CC52D6E00CB08B9 /* IQLocationPermissions.m */ = {isa = PBXFileReference; fileEncoding = 4; lastKnownFileType = sourcecode.c.objc; name = IQLocationPermissions.m; path = ../IQLocationManager/IQLocationPermissions.m; sourceTree = "<group>"; };
		C4FB0D781CC787A6002174AD /* IQMapVC.h */ = {isa = PBXFileReference; fileEncoding = 4; lastKnownFileType = sourcecode.c.h; path = IQMapVC.h; sourceTree = "<group>"; };
		C4FB0D791CC787A6002174AD /* IQMapVC.m */ = {isa = PBXFileReference; fileEncoding = 4; lastKnownFileType = sourcecode.c.objc; path = IQMapVC.m; sourceTree = "<group>"; };
		C4FB0D7B1CC788E7002174AD /* IQPermanentContainerVC.h */ = {isa = PBXFileReference; fileEncoding = 4; lastKnownFileType = sourcecode.c.h; path = IQPermanentContainerVC.h; sourceTree = "<group>"; };
		C4FB0D7C1CC788E7002174AD /* IQPermanentContainerVC.m */ = {isa = PBXFileReference; fileEncoding = 4; lastKnownFileType = sourcecode.c.objc; path = IQPermanentContainerVC.m; sourceTree = "<group>"; };
		C4FB0D7E1CC788FD002174AD /* IQSignificantContainerVC.h */ = {isa = PBXFileReference; fileEncoding = 4; lastKnownFileType = sourcecode.c.h; path = IQSignificantContainerVC.h; sourceTree = "<group>"; };
		C4FB0D7F1CC788FD002174AD /* IQSignificantContainerVC.m */ = {isa = PBXFileReference; fileEncoding = 4; lastKnownFileType = sourcecode.c.objc; path = IQSignificantContainerVC.m; sourceTree = "<group>"; };
		C4FFF0C51CC6370C004E2A8A /* IQPermanentLocation.h */ = {isa = PBXFileReference; fileEncoding = 4; lastKnownFileType = sourcecode.c.h; name = IQPermanentLocation.h; path = ../IQLocationManager/IQPermanentLocation.h; sourceTree = "<group>"; };
		C4FFF0C61CC6370C004E2A8A /* IQPermanentLocation.m */ = {isa = PBXFileReference; fileEncoding = 4; lastKnownFileType = sourcecode.c.objc; name = IQPermanentLocation.m; path = ../IQLocationManager/IQPermanentLocation.m; sourceTree = "<group>"; };
		C4FFF0CC1CC6410C004E2A8A /* IQPermanentLocationVC.h */ = {isa = PBXFileReference; fileEncoding = 4; lastKnownFileType = sourcecode.c.h; path = IQPermanentLocationVC.h; sourceTree = "<group>"; };
		C4FFF0CD1CC6410C004E2A8A /* IQPermanentLocationVC.m */ = {isa = PBXFileReference; fileEncoding = 4; lastKnownFileType = sourcecode.c.objc; path = IQPermanentLocationVC.m; sourceTree = "<group>"; };
		C4FFF0CF1CC66C6F004E2A8A /* IQTracker.h */ = {isa = PBXFileReference; fileEncoding = 4; lastKnownFileType = sourcecode.c.h; name = IQTracker.h; path = ../IQLocationManager/IQTracker.h; sourceTree = "<group>"; };
		C4FFF0D01CC66C6F004E2A8A /* IQTracker.m */ = {isa = PBXFileReference; fileEncoding = 4; lastKnownFileType = sourcecode.c.objc; name = IQTracker.m; path = ../IQLocationManager/IQTracker.m; sourceTree = "<group>"; };
/* End PBXFileReference section */

/* Begin PBXFrameworksBuildPhase section */
		669F6BA6199D1D1100B88AAE /* Frameworks */ = {
			isa = PBXFrameworksBuildPhase;
			buildActionMask = 2147483647;
			files = (
				C4260B8D1CCA618300BE509A /* CoreData.framework in Frameworks */,
				C42C00F31CC796DC003A162B /* MapKit.framework in Frameworks */,
				C41361741CBFF6D500836E58 /* CoreMotion.framework in Frameworks */,
				6697E09819A4A22F0081F165 /* CoreLocation.framework in Frameworks */,
				669F6BAF199D1D1100B88AAE /* CoreGraphics.framework in Frameworks */,
				669F6BB1199D1D1100B88AAE /* UIKit.framework in Frameworks */,
				669F6BAD199D1D1100B88AAE /* Foundation.framework in Frameworks */,
			);
			runOnlyForDeploymentPostprocessing = 0;
		};
		669F6BC7199D1D1100B88AAE /* Frameworks */ = {
			isa = PBXFrameworksBuildPhase;
			buildActionMask = 2147483647;
			files = (
				669F6BCC199D1D1100B88AAE /* XCTest.framework in Frameworks */,
				669F6BCE199D1D1100B88AAE /* UIKit.framework in Frameworks */,
				669F6BCD199D1D1100B88AAE /* Foundation.framework in Frameworks */,
			);
			runOnlyForDeploymentPostprocessing = 0;
		};
/* End PBXFrameworksBuildPhase section */

/* Begin PBXGroup section */
		669F6BA0199D1D1100B88AAE = {
			isa = PBXGroup;
			children = (
				66506C6E19B2A8DD00B9E702 /* README.md */,
				669F6BE4199D1E7100B88AAE /* IQLocationManager */,
				669F6BB2199D1D1100B88AAE /* IQLocationManagerDemo */,
				669F6BD1199D1D1100B88AAE /* IQLocationManagerDemoTests */,
				669F6BAB199D1D1100B88AAE /* Frameworks */,
				669F6BAA199D1D1100B88AAE /* Products */,
			);
			sourceTree = "<group>";
		};
		669F6BAA199D1D1100B88AAE /* Products */ = {
			isa = PBXGroup;
			children = (
				669F6BA9199D1D1100B88AAE /* IQLocationManagerDemo.app */,
				669F6BCA199D1D1100B88AAE /* IQLocationManagerDemoTests.xctest */,
			);
			name = Products;
			sourceTree = "<group>";
		};
		669F6BAB199D1D1100B88AAE /* Frameworks */ = {
			isa = PBXGroup;
			children = (
				C4260B8C1CCA618300BE509A /* CoreData.framework */,
				C42C00F21CC796DC003A162B /* MapKit.framework */,
				C41361731CBFF6D500836E58 /* CoreMotion.framework */,
				6697E09719A4A22F0081F165 /* CoreLocation.framework */,
				669F6BAC199D1D1100B88AAE /* Foundation.framework */,
				669F6BAE199D1D1100B88AAE /* CoreGraphics.framework */,
				669F6BB0199D1D1100B88AAE /* UIKit.framework */,
				669F6BCB199D1D1100B88AAE /* XCTest.framework */,
			);
			name = Frameworks;
			sourceTree = "<group>";
		};
		669F6BB2199D1D1100B88AAE /* IQLocationManagerDemo */ = {
			isa = PBXGroup;
			children = (
				669F6BBB199D1D1100B88AAE /* IQAppDelegate.h */,
				669F6BBC199D1D1100B88AAE /* IQAppDelegate.m */,
				669F6BBE199D1D1100B88AAE /* Main.storyboard */,
				669F6BC1199D1D1100B88AAE /* IQViewController.h */,
				669F6BC2199D1D1100B88AAE /* IQViewController.m */,
				C4FB0D781CC787A6002174AD /* IQMapVC.h */,
				C4FB0D791CC787A6002174AD /* IQMapVC.m */,
				C4FB0D811CC78901002174AD /* SignificantVCs */,
				C4FB0D821CC78911002174AD /* PermanentVCs */,
				C46B87BC1CC8D1D000D43262 /* TrackerVCs */,
				C4260BB31CCA7B3000BE509A /* TrackListVCs */,
				669F6BC4199D1D1100B88AAE /* Images.xcassets */,
				669F6BB3199D1D1100B88AAE /* Supporting Files */,
			);
			path = IQLocationManagerDemo;
			sourceTree = "<group>";
		};
		669F6BB3199D1D1100B88AAE /* Supporting Files */ = {
			isa = PBXGroup;
			children = (
				669F6BB4199D1D1100B88AAE /* IQLocationManagerDemo-Info.plist */,
				669F6BB5199D1D1100B88AAE /* InfoPlist.strings */,
				669F6BB8199D1D1100B88AAE /* main.m */,
				669F6BBA199D1D1100B88AAE /* IQLocationManagerDemo-Prefix.pch */,
			);
			name = "Supporting Files";
			sourceTree = "<group>";
		};
		669F6BD1199D1D1100B88AAE /* IQLocationManagerDemoTests */ = {
			isa = PBXGroup;
			children = (
				669F6BD7199D1D1100B88AAE /* IQLocationManagerDemoTests.m */,
				669F6BD2199D1D1100B88AAE /* Supporting Files */,
			);
			path = IQLocationManagerDemoTests;
			sourceTree = "<group>";
		};
		669F6BD2199D1D1100B88AAE /* Supporting Files */ = {
			isa = PBXGroup;
			children = (
				669F6BD3199D1D1100B88AAE /* IQLocationManagerDemoTests-Info.plist */,
				669F6BD4199D1D1100B88AAE /* InfoPlist.strings */,
			);
			name = "Supporting Files";
			sourceTree = "<group>";
		};
		669F6BE4199D1E7100B88AAE /* IQLocationManager */ = {
			isa = PBXGroup;
			children = (
				C497A5591CC52D6E00CB08B9 /* IQLocationPermissions.h */,
				C497A55A1CC52D6E00CB08B9 /* IQLocationPermissions.m */,
				669F6BE1199D1E6700B88AAE /* IQLocationManager.h */,
				669F6BE2199D1E6700B88AAE /* IQLocationManager.m */,
				C497A5551CC52D0D00CB08B9 /* IQSignificantLocationChanges.h */,
				C497A5561CC52D0D00CB08B9 /* IQSignificantLocationChanges.m */,
				C4FFF0C51CC6370C004E2A8A /* IQPermanentLocation.h */,
				C4FFF0C61CC6370C004E2A8A /* IQPermanentLocation.m */,
				66AB9C8C19B4825F002826AD /* IQLocationManager.strings */,
				C413616F1CBFEE3800836E58 /* IQMotionActivityManager.h */,
				C41361701CBFEE3800836E58 /* IQMotionActivityManager.m */,
				C4FFF0CF1CC66C6F004E2A8A /* IQTracker.h */,
				C4FFF0D01CC66C6F004E2A8A /* IQTracker.m */,
				C497A5511CC515D500CB08B9 /* CMMotionActivity+IQ.h */,
				C497A5521CC515D500CB08B9 /* CMMotionActivity+IQ.m */,
				C46B87C61CC8E0CC00D43262 /* DataSource */,
			);
			name = IQLocationManager;
			sourceTree = "<group>";
		};
		C4260BAE1CCA697300BE509A /* CoreDataModel */ = {
			isa = PBXGroup;
			children = (
				C4260BA61CCA655700BE509A /* IQTrackPoint+CoreDataProperties.h */,
				C4260BA71CCA655700BE509A /* IQTrackPoint+CoreDataProperties.m */,
				C4260BA81CCA655700BE509A /* IQTrackPoint.h */,
				C4260BA91CCA655700BE509A /* IQTrackPoint.m */,
				C4260B921CCA64FE00BE509A /* IQTrack+CoreDataProperties.h */,
				C4260B931CCA64FE00BE509A /* IQTrack+CoreDataProperties.m */,
				C4260B941CCA64FE00BE509A /* IQTrack.h */,
				C4260B951CCA64FE00BE509A /* IQTrack.m */,
				C4260B8E1CCA625D00BE509A /* IQLocationModel.xcdatamodeld */,
			);
			name = CoreDataModel;
			sourceTree = "<group>";
		};
		C4260BB31CCA7B3000BE509A /* TrackListVCs */ = {
			isa = PBXGroup;
			children = (
				C4260BB41CCA7B6600BE509A /* IQTrackListVC.h */,
				C4260BB51CCA7B6600BE509A /* IQTrackListVC.m */,
				C4260BB71CCA830400BE509A /* IQTrackMapVC.h */,
				C4260BB81CCA830400BE509A /* IQTrackMapVC.m */,
			);
			name = TrackListVCs;
			sourceTree = "<group>";
		};
		C46B87BC1CC8D1D000D43262 /* TrackerVCs */ = {
			isa = PBXGroup;
			children = (
				C46B87BD1CC8D1FE00D43262 /* IQTrackerContainerVC.h */,
				C46B87BE1CC8D1FE00D43262 /* IQTrackerContainerVC.m */,
				C46B87C01CC8D21B00D43262 /* IQTrackerVC.h */,
				C46B87C11CC8D21B00D43262 /* IQTrackerVC.m */,
				C46B87C31CC8D23500D43262 /* IQTrackerMapVC.h */,
				C46B87C41CC8D23500D43262 /* IQTrackerMapVC.m */,
			);
			name = TrackerVCs;
			sourceTree = "<group>";
		};
		C46B87C61CC8E0CC00D43262 /* DataSource */ = {
			isa = PBXGroup;
			children = (
				C4260B841CCA609200BE509A /* IQLocationDataSource.h */,
				C4260B851CCA609200BE509A /* IQLocationDataSource.m */,
				C4260BAE1CCA697300BE509A /* CoreDataModel */,
			);
			name = DataSource;
			sourceTree = "<group>";
		};
		C4FB0D811CC78901002174AD /* SignificantVCs */ = {
			isa = PBXGroup;
			children = (
				C4FB0D7E1CC788FD002174AD /* IQSignificantContainerVC.h */,
				C4FB0D7F1CC788FD002174AD /* IQSignificantContainerVC.m */,
				C497A54E1CC505CC00CB08B9 /* IQSignificantLocationVC.h */,
				C497A54F1CC505CC00CB08B9 /* IQSignificantLocationVC.m */,
				C42C00EF1CC7929F003A162B /* IQSignificantMapVC.h */,
				C42C00F01CC7929F003A162B /* IQSignificantMapVC.m */,
			);
			name = SignificantVCs;
			sourceTree = "<group>";
		};
		C4FB0D821CC78911002174AD /* PermanentVCs */ = {
			isa = PBXGroup;
			children = (
				C4FB0D7B1CC788E7002174AD /* IQPermanentContainerVC.h */,
				C4FB0D7C1CC788E7002174AD /* IQPermanentContainerVC.m */,
				C4FFF0CC1CC6410C004E2A8A /* IQPermanentLocationVC.h */,
				C4FFF0CD1CC6410C004E2A8A /* IQPermanentLocationVC.m */,
				C42C00EC1CC7927D003A162B /* IQPermanentMapVC.h */,
				C42C00ED1CC7927D003A162B /* IQPermanentMapVC.m */,
			);
			name = PermanentVCs;
			sourceTree = "<group>";
		};
/* End PBXGroup section */

/* Begin PBXNativeTarget section */
		669F6BA8199D1D1100B88AAE /* IQLocationManagerDemo */ = {
			isa = PBXNativeTarget;
			buildConfigurationList = 669F6BDB199D1D1100B88AAE /* Build configuration list for PBXNativeTarget "IQLocationManagerDemo" */;
			buildPhases = (
				669F6BA5199D1D1100B88AAE /* Sources */,
				669F6BA6199D1D1100B88AAE /* Frameworks */,
				669F6BA7199D1D1100B88AAE /* Resources */,
			);
			buildRules = (
			);
			dependencies = (
			);
			name = IQLocationManagerDemo;
			productName = IQLocationManagerDemo;
			productReference = 669F6BA9199D1D1100B88AAE /* IQLocationManagerDemo.app */;
			productType = "com.apple.product-type.application";
		};
		669F6BC9199D1D1100B88AAE /* IQLocationManagerDemoTests */ = {
			isa = PBXNativeTarget;
			buildConfigurationList = 669F6BDE199D1D1100B88AAE /* Build configuration list for PBXNativeTarget "IQLocationManagerDemoTests" */;
			buildPhases = (
				669F6BC6199D1D1100B88AAE /* Sources */,
				669F6BC7199D1D1100B88AAE /* Frameworks */,
				669F6BC8199D1D1100B88AAE /* Resources */,
			);
			buildRules = (
			);
			dependencies = (
				669F6BD0199D1D1100B88AAE /* PBXTargetDependency */,
			);
			name = IQLocationManagerDemoTests;
			productName = IQLocationManagerDemoTests;
			productReference = 669F6BCA199D1D1100B88AAE /* IQLocationManagerDemoTests.xctest */;
			productType = "com.apple.product-type.bundle.unit-test";
		};
/* End PBXNativeTarget section */

/* Begin PBXProject section */
		669F6BA1199D1D1100B88AAE /* Project object */ = {
			isa = PBXProject;
			attributes = {
				CLASSPREFIX = IQ;
				LastUpgradeCheck = 0700;
				ORGANIZATIONNAME = InQBarna;
				TargetAttributes = {
					669F6BC9199D1D1100B88AAE = {
						TestTargetID = 669F6BA8199D1D1100B88AAE;
					};
				};
			};
			buildConfigurationList = 669F6BA4199D1D1100B88AAE /* Build configuration list for PBXProject "IQLocationManagerDemo" */;
			compatibilityVersion = "Xcode 3.2";
			developmentRegion = English;
			hasScannedForEncodings = 0;
			knownRegions = (
				en,
				Base,
			);
			mainGroup = 669F6BA0199D1D1100B88AAE;
			productRefGroup = 669F6BAA199D1D1100B88AAE /* Products */;
			projectDirPath = "";
			projectRoot = "";
			targets = (
				669F6BA8199D1D1100B88AAE /* IQLocationManagerDemo */,
				669F6BC9199D1D1100B88AAE /* IQLocationManagerDemoTests */,
			);
		};
/* End PBXProject section */

/* Begin PBXResourcesBuildPhase section */
		669F6BA7199D1D1100B88AAE /* Resources */ = {
			isa = PBXResourcesBuildPhase;
			buildActionMask = 2147483647;
			files = (
				669F6BC5199D1D1100B88AAE /* Images.xcassets in Resources */,
				669F6BB7199D1D1100B88AAE /* InfoPlist.strings in Resources */,
				669F6BC0199D1D1100B88AAE /* Main.storyboard in Resources */,
				66AB9C8D19B4825F002826AD /* IQLocationManager.strings in Resources */,
			);
			runOnlyForDeploymentPostprocessing = 0;
		};
		669F6BC8199D1D1100B88AAE /* Resources */ = {
			isa = PBXResourcesBuildPhase;
			buildActionMask = 2147483647;
			files = (
				669F6BD6199D1D1100B88AAE /* InfoPlist.strings in Resources */,
			);
			runOnlyForDeploymentPostprocessing = 0;
		};
/* End PBXResourcesBuildPhase section */

/* Begin PBXSourcesBuildPhase section */
		669F6BA5199D1D1100B88AAE /* Sources */ = {
			isa = PBXSourcesBuildPhase;
			buildActionMask = 2147483647;
			files = (
				C46B87C21CC8D21B00D43262 /* IQTrackerVC.m in Sources */,
				C4260B9A1CCA64FE00BE509A /* IQTrack.m in Sources */,
				669F6BE3199D1E6700B88AAE /* IQLocationManager.m in Sources */,
				C497A5501CC505CC00CB08B9 /* IQSignificantLocationVC.m in Sources */,
				C4FFF0CE1CC6410C004E2A8A /* IQPermanentLocationVC.m in Sources */,
				C4260BB61CCA7B6600BE509A /* IQTrackListVC.m in Sources */,
				C4FB0D7A1CC787A6002174AD /* IQMapVC.m in Sources */,
				C497A55B1CC52D6E00CB08B9 /* IQLocationPermissions.m in Sources */,
				C46B87BF1CC8D1FE00D43262 /* IQTrackerContainerVC.m in Sources */,
				C4260BAC1CCA655700BE509A /* IQTrackPoint.m in Sources */,
				C4260B901CCA625D00BE509A /* IQLocationModel.xcdatamodeld in Sources */,
				C497A5531CC515D500CB08B9 /* CMMotionActivity+IQ.m in Sources */,
				C46B87C51CC8D23500D43262 /* IQTrackerMapVC.m in Sources */,
				669F6BBD199D1D1100B88AAE /* IQAppDelegate.m in Sources */,
				C42C00F11CC7929F003A162B /* IQSignificantMapVC.m in Sources */,
				C497A5571CC52D0D00CB08B9 /* IQSignificantLocationChanges.m in Sources */,
				C42C00EE1CC7927D003A162B /* IQPermanentMapVC.m in Sources */,
				C4260BAA1CCA655700BE509A /* IQTrackPoint+CoreDataProperties.m in Sources */,
				669F6BB9199D1D1100B88AAE /* main.m in Sources */,
				C4FB0D7D1CC788E7002174AD /* IQPermanentContainerVC.m in Sources */,
				C4260B981CCA64FE00BE509A /* IQTrack+CoreDataProperties.m in Sources */,
				C4260B861CCA609200BE509A /* IQLocationDataSource.m in Sources */,
				C4FFF0D11CC66C6F004E2A8A /* IQTracker.m in Sources */,
				C4260BB91CCA830400BE509A /* IQTrackMapVC.m in Sources */,
				C4FFF0C71CC6370C004E2A8A /* IQPermanentLocation.m in Sources */,
				669F6BC3199D1D1100B88AAE /* IQViewController.m in Sources */,
				C41361711CBFEE3800836E58 /* IQMotionActivityManager.m in Sources */,
				C4FB0D801CC788FD002174AD /* IQSignificantContainerVC.m in Sources */,
			);
			runOnlyForDeploymentPostprocessing = 0;
		};
		669F6BC6199D1D1100B88AAE /* Sources */ = {
			isa = PBXSourcesBuildPhase;
			buildActionMask = 2147483647;
			files = (
				C497A5541CC515D500CB08B9 /* CMMotionActivity+IQ.m in Sources */,
				C4260B991CCA64FE00BE509A /* IQTrack+CoreDataProperties.m in Sources */,
				C497A55C1CC52D6E00CB08B9 /* IQLocationPermissions.m in Sources */,
				C4FFF0D21CC66C6F004E2A8A /* IQTracker.m in Sources */,
				C4260BAB1CCA655700BE509A /* IQTrackPoint+CoreDataProperties.m in Sources */,
				C4260BAD1CCA655700BE509A /* IQTrackPoint.m in Sources */,
				C4260B9B1CCA64FE00BE509A /* IQTrack.m in Sources */,
				C4FFF0C81CC63714004E2A8A /* IQPermanentLocation.m in Sources */,
				669F6BD8199D1D1100B88AAE /* IQLocationManagerDemoTests.m in Sources */,
				C497A5581CC52D0D00CB08B9 /* IQSignificantLocationChanges.m in Sources */,
				C4260B911CCA625D00BE509A /* IQLocationModel.xcdatamodeld in Sources */,
				C4260B871CCA609200BE509A /* IQLocationDataSource.m in Sources */,
			);
			runOnlyForDeploymentPostprocessing = 0;
		};
/* End PBXSourcesBuildPhase section */

/* Begin PBXTargetDependency section */
		669F6BD0199D1D1100B88AAE /* PBXTargetDependency */ = {
			isa = PBXTargetDependency;
			target = 669F6BA8199D1D1100B88AAE /* IQLocationManagerDemo */;
			targetProxy = 669F6BCF199D1D1100B88AAE /* PBXContainerItemProxy */;
		};
/* End PBXTargetDependency section */

/* Begin PBXVariantGroup section */
		669F6BB5199D1D1100B88AAE /* InfoPlist.strings */ = {
			isa = PBXVariantGroup;
			children = (
				669F6BB6199D1D1100B88AAE /* en */,
			);
			name = InfoPlist.strings;
			sourceTree = "<group>";
		};
		669F6BBE199D1D1100B88AAE /* Main.storyboard */ = {
			isa = PBXVariantGroup;
			children = (
				669F6BBF199D1D1100B88AAE /* Base */,
			);
			name = Main.storyboard;
			sourceTree = "<group>";
		};
		669F6BD4199D1D1100B88AAE /* InfoPlist.strings */ = {
			isa = PBXVariantGroup;
			children = (
				669F6BD5199D1D1100B88AAE /* en */,
			);
			name = InfoPlist.strings;
			sourceTree = "<group>";
		};
/* End PBXVariantGroup section */

/* Begin XCBuildConfiguration section */
		669F6BD9199D1D1100B88AAE /* Debug */ = {
			isa = XCBuildConfiguration;
			buildSettings = {
				ALWAYS_SEARCH_USER_PATHS = NO;
				CLANG_CXX_LANGUAGE_STANDARD = "gnu++0x";
				CLANG_CXX_LIBRARY = "libc++";
				CLANG_ENABLE_MODULES = YES;
				CLANG_ENABLE_OBJC_ARC = YES;
				CLANG_WARN_BOOL_CONVERSION = YES;
				CLANG_WARN_CONSTANT_CONVERSION = YES;
				CLANG_WARN_DIRECT_OBJC_ISA_USAGE = YES_ERROR;
				CLANG_WARN_EMPTY_BODY = YES;
				CLANG_WARN_ENUM_CONVERSION = YES;
				CLANG_WARN_INT_CONVERSION = YES;
				CLANG_WARN_OBJC_ROOT_CLASS = YES_ERROR;
				CLANG_WARN__DUPLICATE_METHOD_MATCH = YES;
				COPY_PHASE_STRIP = NO;
				ENABLE_TESTABILITY = YES;
				GCC_C_LANGUAGE_STANDARD = gnu99;
				GCC_DYNAMIC_NO_PIC = NO;
				GCC_OPTIMIZATION_LEVEL = 0;
				GCC_PREPROCESSOR_DEFINITIONS = (
					"DEBUG=1",
					"$(inherited)",
				);
				GCC_SYMBOLS_PRIVATE_EXTERN = NO;
				GCC_WARN_64_TO_32_BIT_CONVERSION = YES;
				GCC_WARN_ABOUT_RETURN_TYPE = YES_ERROR;
				GCC_WARN_UNDECLARED_SELECTOR = YES;
				GCC_WARN_UNINITIALIZED_AUTOS = YES_AGGRESSIVE;
				GCC_WARN_UNUSED_FUNCTION = YES;
				GCC_WARN_UNUSED_VARIABLE = YES;
				IPHONEOS_DEPLOYMENT_TARGET = 7.1;
				ONLY_ACTIVE_ARCH = YES;
				SDKROOT = iphoneos;
			};
			name = Debug;
		};
		669F6BDA199D1D1100B88AAE /* Release */ = {
			isa = XCBuildConfiguration;
			buildSettings = {
				ALWAYS_SEARCH_USER_PATHS = NO;
				CLANG_CXX_LANGUAGE_STANDARD = "gnu++0x";
				CLANG_CXX_LIBRARY = "libc++";
				CLANG_ENABLE_MODULES = YES;
				CLANG_ENABLE_OBJC_ARC = YES;
				CLANG_WARN_BOOL_CONVERSION = YES;
				CLANG_WARN_CONSTANT_CONVERSION = YES;
				CLANG_WARN_DIRECT_OBJC_ISA_USAGE = YES_ERROR;
				CLANG_WARN_EMPTY_BODY = YES;
				CLANG_WARN_ENUM_CONVERSION = YES;
				CLANG_WARN_INT_CONVERSION = YES;
				CLANG_WARN_OBJC_ROOT_CLASS = YES_ERROR;
				CLANG_WARN__DUPLICATE_METHOD_MATCH = YES;
				COPY_PHASE_STRIP = YES;
				ENABLE_NS_ASSERTIONS = NO;
				GCC_C_LANGUAGE_STANDARD = gnu99;
				GCC_WARN_64_TO_32_BIT_CONVERSION = YES;
				GCC_WARN_ABOUT_RETURN_TYPE = YES_ERROR;
				GCC_WARN_UNDECLARED_SELECTOR = YES;
				GCC_WARN_UNINITIALIZED_AUTOS = YES_AGGRESSIVE;
				GCC_WARN_UNUSED_FUNCTION = YES;
				GCC_WARN_UNUSED_VARIABLE = YES;
				IPHONEOS_DEPLOYMENT_TARGET = 7.1;
				SDKROOT = iphoneos;
				VALIDATE_PRODUCT = YES;
			};
			name = Release;
		};
		669F6BDC199D1D1100B88AAE /* Debug */ = {
			isa = XCBuildConfiguration;
			buildSettings = {
				ASSETCATALOG_COMPILER_APPICON_NAME = AppIcon;
				ASSETCATALOG_COMPILER_LAUNCHIMAGE_NAME = LaunchImage;
				CODE_SIGN_IDENTITY = "iPhone Developer: ios Developers (6U7699PLQH)";
				GCC_PRECOMPILE_PREFIX_HEADER = YES;
				GCC_PREFIX_HEADER = "IQLocationManagerDemo/IQLocationManagerDemo-Prefix.pch";
				INFOPLIST_FILE = "IQLocationManagerDemo/IQLocationManagerDemo-Info.plist";
				PRODUCT_BUNDLE_IDENTIFIER = com.inqbarna.iqlocationmanager;
				PRODUCT_NAME = "$(TARGET_NAME)";
				PROVISIONING_PROFILE = "ae1ff9bd-f0db-42d7-83c9-f5e93fa3979c";
				WRAPPER_EXTENSION = app;
			};
			name = Debug;
		};
		669F6BDD199D1D1100B88AAE /* Release */ = {
			isa = XCBuildConfiguration;
			buildSettings = {
				ASSETCATALOG_COMPILER_APPICON_NAME = AppIcon;
				ASSETCATALOG_COMPILER_LAUNCHIMAGE_NAME = LaunchImage;
				GCC_PRECOMPILE_PREFIX_HEADER = YES;
				GCC_PREFIX_HEADER = "IQLocationManagerDemo/IQLocationManagerDemo-Prefix.pch";
				INFOPLIST_FILE = "IQLocationManagerDemo/IQLocationManagerDemo-Info.plist";
				PRODUCT_BUNDLE_IDENTIFIER = com.inqbarna.iqlocationmanager;
				PRODUCT_NAME = "$(TARGET_NAME)";
				PROVISIONING_PROFILE = "ae1ff9bd-f0db-42d7-83c9-f5e93fa3979c";
				WRAPPER_EXTENSION = app;
			};
			name = Release;
		};
		669F6BDF199D1D1100B88AAE /* Debug */ = {
			isa = XCBuildConfiguration;
			buildSettings = {
				BUNDLE_LOADER = "$(BUILT_PRODUCTS_DIR)/IQLocationManagerDemo.app/IQLocationManagerDemo";
				FRAMEWORK_SEARCH_PATHS = (
					"$(SDKROOT)/Developer/Library/Frameworks",
					"$(inherited)",
					"$(DEVELOPER_FRAMEWORKS_DIR)",
				);
				GCC_PRECOMPILE_PREFIX_HEADER = YES;
				GCC_PREFIX_HEADER = "IQLocationManagerDemo/IQLocationManagerDemo-Prefix.pch";
				GCC_PREPROCESSOR_DEFINITIONS = (
					"DEBUG=1",
					"$(inherited)",
				);
				INFOPLIST_FILE = "IQLocationManagerDemoTests/IQLocationManagerDemoTests-Info.plist";
				PRODUCT_BUNDLE_IDENTIFIER = "com.inqbarna.${PRODUCT_NAME:rfc1034identifier}";
				PRODUCT_NAME = "$(TARGET_NAME)";
				TEST_HOST = "$(BUNDLE_LOADER)";
				WRAPPER_EXTENSION = xctest;
			};
			name = Debug;
		};
		669F6BE0199D1D1100B88AAE /* Release */ = {
			isa = XCBuildConfiguration;
			buildSettings = {
				BUNDLE_LOADER = "$(BUILT_PRODUCTS_DIR)/IQLocationManagerDemo.app/IQLocationManagerDemo";
				FRAMEWORK_SEARCH_PATHS = (
					"$(SDKROOT)/Developer/Library/Frameworks",
					"$(inherited)",
					"$(DEVELOPER_FRAMEWORKS_DIR)",
				);
				GCC_PRECOMPILE_PREFIX_HEADER = YES;
				GCC_PREFIX_HEADER = "IQLocationManagerDemo/IQLocationManagerDemo-Prefix.pch";
				INFOPLIST_FILE = "IQLocationManagerDemoTests/IQLocationManagerDemoTests-Info.plist";
				PRODUCT_BUNDLE_IDENTIFIER = "com.inqbarna.${PRODUCT_NAME:rfc1034identifier}";
				PRODUCT_NAME = "$(TARGET_NAME)";
				TEST_HOST = "$(BUNDLE_LOADER)";
				WRAPPER_EXTENSION = xctest;
			};
			name = Release;
		};
/* End XCBuildConfiguration section */

/* Begin XCConfigurationList section */
		669F6BA4199D1D1100B88AAE /* Build configuration list for PBXProject "IQLocationManagerDemo" */ = {
			isa = XCConfigurationList;
			buildConfigurations = (
				669F6BD9199D1D1100B88AAE /* Debug */,
				669F6BDA199D1D1100B88AAE /* Release */,
			);
			defaultConfigurationIsVisible = 0;
			defaultConfigurationName = Release;
		};
		669F6BDB199D1D1100B88AAE /* Build configuration list for PBXNativeTarget "IQLocationManagerDemo" */ = {
			isa = XCConfigurationList;
			buildConfigurations = (
				669F6BDC199D1D1100B88AAE /* Debug */,
				669F6BDD199D1D1100B88AAE /* Release */,
			);
			defaultConfigurationIsVisible = 0;
			defaultConfigurationName = Release;
		};
		669F6BDE199D1D1100B88AAE /* Build configuration list for PBXNativeTarget "IQLocationManagerDemoTests" */ = {
			isa = XCConfigurationList;
			buildConfigurations = (
				669F6BDF199D1D1100B88AAE /* Debug */,
				669F6BE0199D1D1100B88AAE /* Release */,
			);
			defaultConfigurationIsVisible = 0;
			defaultConfigurationName = Release;
		};
/* End XCConfigurationList section */

/* Begin XCVersionGroup section */
		C4260B8E1CCA625D00BE509A /* IQLocationModel.xcdatamodeld */ = {
			isa = XCVersionGroup;
			children = (
				C4260B8F1CCA625D00BE509A /* IQLocationModel.xcdatamodel */,
			);
			currentVersion = C4260B8F1CCA625D00BE509A /* IQLocationModel.xcdatamodel */;
			name = IQLocationModel.xcdatamodeld;
			path = ../IQLocationManager/Model/IQLocationModel.xcdatamodeld;
			sourceTree = "<group>";
			versionGroupType = wrapper.xcdatamodel;
		};
/* End XCVersionGroup section */
	};
	rootObject = 669F6BA1199D1D1100B88AAE /* Project object */;
}
